github.com/Alexamakans/slib v0.0.0-20250213143420-b357dd6b080d h1:nkrOEWKMX0B2sx4s6f0i0r6+4ir/l837WoiNWamnVtY=
github.com/Alexamakans/slib v0.0.0-20250213143420-b357dd6b080d/go.mod h1:GC9WIAp9vHJRa0ZTqEfX6VZSwX2vIygdFigIAf6ek3I=
github.com/Alexamakans/slib v0.0.0-20250216174449-89905a69696e h1:ZAy7wpWMIrByvcaUg0hY7eX4rhNqYwLYdSVS6xrvvwI=
github.com/Alexamakans/slib v0.0.0-20250216174449-89905a69696e/go.mod h1:GC9WIAp9vHJRa0ZTqEfX6VZSwX2vIygdFigIAf6ek3I=
